{
  "version": 4,
  "terraform_version": "1.0.7",
  "serial": 176,
  "lineage": "1359789f-6a37-92a0-992b-cd413ecb1395",
  "outputs": {},
  "resources": [
    {
      "mode": "managed",
      "type": "aws_autoscaling_group",
      "name": "consul",
      "provider": "provider[\"registry.terraform.io/hashicorp/aws\"]",
      "instances": [
        {
          "schema_version": 0,
          "attributes": {
            "arn": "arn:aws:autoscaling:us-west-2:943869766938:autoScalingGroup:488d42df-6db6-4b51-8b70-9a55861daae3:autoScalingGroupName/consul",
            "availability_zones": [
              "us-west-2d"
            ],
            "capacity_rebalance": false,
            "default_cooldown": 300,
            "desired_capacity": 3,
            "enabled_metrics": [],
            "force_delete": false,
            "force_delete_warm_pool": false,
            "health_check_grace_period": 300,
            "health_check_type": "EC2",
            "id": "consul",
            "initial_lifecycle_hook": [],
            "instance_refresh": [],
            "launch_configuration": "",
            "launch_template": [
              {
                "id": "lt-0fd9ac34032535172",
                "name": "consul",
                "version": "$Latest"
              }
            ],
            "load_balancers": [],
            "max_instance_lifetime": 0,
            "max_size": 3,
            "metrics_granularity": "1Minute",
            "min_elb_capacity": null,
            "min_size": 3,
            "mixed_instances_policy": [],
            "name": "consul",
            "name_prefix": "",
            "placement_group": "",
            "protect_from_scale_in": false,
            "service_linked_role_arn": "arn:aws:iam::943869766938:role/aws-service-role/autoscaling.amazonaws.com/AWSServiceRoleForAutoScaling",
            "suspended_processes": [],
            "tag": [],
            "tags": null,
            "target_group_arns": [],
            "termination_policies": [],
            "timeouts": null,
            "vpc_zone_identifier": [
              "subnet-02128e5c1215c9fe5"
            ],
            "wait_for_capacity_timeout": "10m",
            "wait_for_elb_capacity": null,
            "warm_pool": []
          },
          "sensitive_attributes": [],
          "private": "eyJlMmJmYjczMC1lY2FhLTExZTYtOGY4OC0zNDM2M2JjN2M0YzAiOnsiZGVsZXRlIjo2MDAwMDAwMDAwMDB9fQ==",
          "dependencies": [
            "aws_security_group.consul",
            "aws_subnet.public",
            "aws_vpc.k3s",
            "aws_iam_instance_profile.consul",
            "aws_iam_role.consul",
            "aws_key_pair.sglodek",
            "aws_launch_template.consul",
            "aws_security_group.common"
          ]
        }
      ]
    },
    {
      "mode": "managed",
      "type": "aws_autoscaling_group",
      "name": "k3s-server",
      "provider": "provider[\"registry.terraform.io/hashicorp/aws\"]",
      "instances": [
        {
          "schema_version": 0,
          "attributes": {
            "arn": "arn:aws:autoscaling:us-west-2:943869766938:autoScalingGroup:e0466bab-353f-4050-86ed-a77c2cc8697a:autoScalingGroupName/sglodek-k3s-server",
            "availability_zones": [
              "us-west-2d"
            ],
            "capacity_rebalance": false,
            "default_cooldown": 300,
            "desired_capacity": 1,
            "enabled_metrics": [],
            "force_delete": false,
            "force_delete_warm_pool": false,
            "health_check_grace_period": 300,
            "health_check_type": "EC2",
            "id": "sglodek-k3s-server",
            "initial_lifecycle_hook": [],
            "instance_refresh": [],
            "launch_configuration": "",
            "launch_template": [
              {
                "id": "lt-0f988e49822888056",
                "name": "sglodek-k3s-server",
                "version": "$Latest"
              }
            ],
            "load_balancers": [],
            "max_instance_lifetime": 0,
            "max_size": 1,
            "metrics_granularity": "1Minute",
            "min_elb_capacity": null,
            "min_size": 1,
            "mixed_instances_policy": [],
            "name": "sglodek-k3s-server",
            "name_prefix": "",
            "placement_group": "",
            "protect_from_scale_in": false,
            "service_linked_role_arn": "arn:aws:iam::943869766938:role/aws-service-role/autoscaling.amazonaws.com/AWSServiceRoleForAutoScaling",
            "suspended_processes": [],
            "tag": [],
            "tags": null,
            "target_group_arns": [],
            "termination_policies": [],
            "timeouts": null,
            "vpc_zone_identifier": [
              "subnet-02128e5c1215c9fe5"
            ],
            "wait_for_capacity_timeout": "10m",
            "wait_for_elb_capacity": null,
            "warm_pool": []
          },
          "sensitive_attributes": [],
          "private": "eyJlMmJmYjczMC1lY2FhLTExZTYtOGY4OC0zNDM2M2JjN2M0YzAiOnsiZGVsZXRlIjo2MDAwMDAwMDAwMDB9fQ==",
          "dependencies": [
            "aws_security_group.k3s",
            "aws_subnet.public",
            "aws_vpc.k3s",
            "aws_iam_instance_profile.consul",
            "aws_iam_role.consul",
            "aws_key_pair.sglodek",
            "aws_launch_template.k3s-server",
            "aws_security_group.common"
          ]
        }
      ]
    },
    {
      "mode": "managed",
      "type": "aws_autoscaling_group",
      "name": "k3s-worker",
      "provider": "provider[\"registry.terraform.io/hashicorp/aws\"]",
      "instances": [
        {
          "schema_version": 0,
          "attributes": {
            "arn": "arn:aws:autoscaling:us-west-2:943869766938:autoScalingGroup:234c8175-128f-4cac-81f7-4643b95651be:autoScalingGroupName/sglodek-k3s-worker",
            "availability_zones": [
              "us-west-2d"
            ],
            "capacity_rebalance": false,
            "default_cooldown": 300,
            "desired_capacity": 0,
            "enabled_metrics": [],
            "force_delete": false,
            "force_delete_warm_pool": false,
            "health_check_grace_period": 300,
            "health_check_type": "EC2",
            "id": "sglodek-k3s-worker",
            "initial_lifecycle_hook": [],
            "instance_refresh": [],
            "launch_configuration": "",
            "launch_template": [
              {
                "id": "lt-0d0305b1ea5c61164",
                "name": "sglodek-k3s-worker",
                "version": "$Latest"
              }
            ],
            "load_balancers": [],
            "max_instance_lifetime": 0,
            "max_size": 0,
            "metrics_granularity": "1Minute",
            "min_elb_capacity": null,
            "min_size": 0,
            "mixed_instances_policy": [],
            "name": "sglodek-k3s-worker",
            "name_prefix": "",
            "placement_group": "",
            "protect_from_scale_in": false,
            "service_linked_role_arn": "arn:aws:iam::943869766938:role/aws-service-role/autoscaling.amazonaws.com/AWSServiceRoleForAutoScaling",
            "suspended_processes": [],
            "tag": [],
            "tags": null,
            "target_group_arns": [],
            "termination_policies": [],
            "timeouts": null,
            "vpc_zone_identifier": [
              "subnet-02128e5c1215c9fe5"
            ],
            "wait_for_capacity_timeout": "10m",
            "wait_for_elb_capacity": null,
            "warm_pool": []
          },
          "sensitive_attributes": [],
          "private": "eyJlMmJmYjczMC1lY2FhLTExZTYtOGY4OC0zNDM2M2JjN2M0YzAiOnsiZGVsZXRlIjo2MDAwMDAwMDAwMDB9fQ==",
          "dependencies": [
            "aws_security_group.common",
            "aws_security_group.k3s",
            "aws_subnet.public",
            "aws_vpc.k3s",
            "aws_key_pair.sglodek",
            "aws_launch_template.k3s-worker"
          ]
        }
      ]
    },
    {
      "mode": "managed",
      "type": "aws_default_route_table",
      "name": "k3s",
      "provider": "provider[\"registry.terraform.io/hashicorp/aws\"]",
      "instances": [
        {
          "schema_version": 0,
          "attributes": {
            "arn": "arn:aws:ec2:us-west-2:943869766938:route-table/rtb-02688858522457f5c",
            "default_route_table_id": "rtb-02688858522457f5c",
            "id": "rtb-02688858522457f5c",
            "owner_id": "943869766938",
            "propagating_vgws": [],
            "route": [
              {
                "cidr_block": "0.0.0.0/0",
                "destination_prefix_list_id": "",
                "egress_only_gateway_id": "",
                "gateway_id": "igw-03ed618e7e0165686",
                "instance_id": "",
                "ipv6_cidr_block": "",
                "nat_gateway_id": "",
                "network_interface_id": "",
                "transit_gateway_id": "",
                "vpc_endpoint_id": "",
                "vpc_peering_connection_id": ""
              }
            ],
            "tags": {},
            "tags_all": {
              "Name": "k3s-sglodek",
              "owner": "sglodek"
            },
            "vpc_id": "vpc-01112210914db7622"
          },
          "sensitive_attributes": [],
          "private": "bnVsbA==",
          "dependencies": [
            "aws_internet_gateway.k3s",
            "aws_vpc.k3s"
          ]
        }
      ]
    },
    {
      "mode": "managed",
      "type": "aws_iam_instance_profile",
      "name": "consul",
      "provider": "provider[\"registry.terraform.io/hashicorp/aws\"]",
      "instances": [
        {
          "schema_version": 0,
          "attributes": {
            "arn": "arn:aws:iam::943869766938:instance-profile/consul",
            "create_date": "2021-09-19T16:51:28Z",
            "id": "consul",
            "name": "consul",
            "name_prefix": null,
            "path": "/",
            "role": "consul",
            "tags": {},
            "tags_all": {
              "Name": "k3s-sglodek",
              "owner": "sglodek"
            },
            "unique_id": "AIPA5XQYFVUNIMMDXLKTP"
          },
          "sensitive_attributes": [],
          "private": "bnVsbA==",
          "dependencies": [
            "aws_iam_role.consul"
          ]
        }
      ]
    },
    {
      "mode": "managed",
      "type": "aws_iam_role",
      "name": "consul",
      "provider": "provider[\"registry.terraform.io/hashicorp/aws\"]",
      "instances": [
        {
          "schema_version": 0,
          "attributes": {
            "arn": "arn:aws:iam::943869766938:role/consul",
            "assume_role_policy": "{\"Version\":\"2012-10-17\",\"Statement\":[{\"Sid\":\"\",\"Effect\":\"Allow\",\"Principal\":{\"Service\":\"ec2.amazonaws.com\"},\"Action\":\"sts:AssumeRole\"}]}",
            "create_date": "2021-09-19T16:49:51Z",
            "description": "",
            "force_detach_policies": false,
            "id": "consul",
            "inline_policy": [
              {
                "name": "describetags",
                "policy": "{\n    \"Version\": \"2012-10-17\",\n    \"Statement\": [\n        {\n            \"Sid\": \"VisualEditor0\",\n            \"Effect\": \"Allow\",\n            \"Action\": [\n                \"ec2:DescribeInstances\",\n                \"ec2:DescribeTags\"\n            ],\n            \"Resource\": \"*\"\n        }\n    ]\n}"
              }
            ],
            "managed_policy_arns": [],
            "max_session_duration": 3600,
            "name": "consul",
            "name_prefix": null,
            "path": "/",
            "permissions_boundary": null,
            "tags": {},
            "tags_all": {
              "Name": "k3s-sglodek",
              "owner": "sglodek"
            },
            "unique_id": "AROA5XQYFVUNFVDHIELMP"
          },
          "sensitive_attributes": [],
          "private": "bnVsbA=="
        }
      ]
    },
    {
      "mode": "managed",
      "type": "aws_internet_gateway",
      "name": "k3s",
      "provider": "provider[\"registry.terraform.io/hashicorp/aws\"]",
      "instances": [
        {
          "schema_version": 0,
          "attributes": {
            "arn": "arn:aws:ec2:us-west-2:943869766938:internet-gateway/igw-03ed618e7e0165686",
            "id": "igw-03ed618e7e0165686",
            "owner_id": "943869766938",
            "tags": {},
            "tags_all": {
              "Name": "k3s-sglodek",
              "owner": "sglodek"
            },
            "vpc_id": "vpc-01112210914db7622"
          },
          "sensitive_attributes": [],
          "private": "bnVsbA==",
          "dependencies": [
            "aws_vpc.k3s"
          ]
        }
      ]
    },
    {
      "mode": "managed",
      "type": "aws_key_pair",
      "name": "sglodek",
      "provider": "provider[\"registry.terraform.io/hashicorp/aws\"]",
      "instances": [
        {
          "schema_version": 1,
          "attributes": {
            "arn": "arn:aws:ec2:us-west-2:943869766938:key-pair/sglodek",
            "fingerprint": "4d:f5:c3:43:fe:4f:b7:8c:e9:ca:72:fb:42:38:2c:66",
            "id": "sglodek",
            "key_name": "sglodek",
            "key_name_prefix": null,
            "key_pair_id": "key-04909f40da03c5aff",
            "public_key": "ssh-rsa AAAAB3NzaC1yc2EAAAADAQABAAABAQDrhlICCvVzuP4DELKBy5v/49FVS/dN0PnoUAVLe8TznSnIQ3EIP4A9atjPoUwbR8oSEdJsZaRWW3K+TxMXa3cqsOKdP+oNggo+tiVm2gSvQFk5lac+FcpvUIwtyVqx3MyhOFtM5qGzWjw/6CzLSYslIKaOKg8P0tQNmHdxEpcHNyKr3/MR5G5arJEEfnunv//uQkZwA+BmQhh9Qh94mi1L71EH0JpLCp/G5Le5SzsE+/dYOji/xRARqtZoPWdkOz33gOjYq0Z5uxY03l64O+asjin8UaN7EghY54UK3cBaRza/ToDa6sQBUJ7eS34PbfoYDvMlGh9Nj5iQTzlqeIJD",
            "tags": {},
            "tags_all": {
              "Name": "k3s-sglodek",
              "owner": "sglodek"
            }
          },
          "sensitive_attributes": [],
          "private": "eyJzY2hlbWFfdmVyc2lvbiI6IjEifQ=="
        }
      ]
    },
    {
      "mode": "managed",
      "type": "aws_launch_template",
      "name": "consul",
      "provider": "provider[\"registry.terraform.io/hashicorp/aws\"]",
      "instances": [
        {
          "schema_version": 0,
          "attributes": {
            "arn": "arn:aws:ec2:us-west-2:943869766938:launch-template/lt-0fd9ac34032535172",
            "block_device_mappings": [],
            "capacity_reservation_specification": [],
            "cpu_options": [],
            "credit_specification": [],
            "default_version": 1,
            "description": "",
            "disable_api_termination": false,
            "ebs_optimized": "",
            "elastic_gpu_specifications": [],
            "elastic_inference_accelerator": [],
            "enclave_options": [],
            "hibernation_options": [],
            "iam_instance_profile": [
              {
                "arn": "arn:aws:iam::943869766938:instance-profile/consul",
                "name": ""
              }
            ],
            "id": "lt-0fd9ac34032535172",
            "image_id": "ami-03d5c68bab01f3496",
            "instance_initiated_shutdown_behavior": "",
            "instance_market_options": [],
            "instance_type": "t3.small",
            "kernel_id": "",
            "key_name": "sglodek",
            "latest_version": 10,
            "license_specification": [],
            "metadata_options": [],
            "monitoring": [],
            "name": "consul",
            "name_prefix": "",
            "network_interfaces": [],
            "placement": [],
            "ram_disk_id": "",
            "security_group_names": [],
            "tag_specifications": [
              {
                "resource_type": "instance",
                "tags": {
                  "Name": "Consul Server - sglodek",
                  "role": "consul_server"
                }
              }
            ],
            "tags": {},
            "tags_all": {
              "Name": "k3s-sglodek",
              "owner": "sglodek"
            },
            "update_default_version": null,
            "user_data": "IyEvYmluL2Jhc2gKCiMjIyBJbnN0YWxsIENvbnN1bCAjIyMKY3VybCAtZnNTTCBodHRwczovL2FwdC5yZWxlYXNlcy5oYXNoaWNvcnAuY29tL2dwZyB8IGFwdC1rZXkgYWRkIC0KYXB0LWFkZC1yZXBvc2l0b3J5ICJkZWIgW2FyY2g9YW1kNjRdIGh0dHBzOi8vYXB0LnJlbGVhc2VzLmhhc2hpY29ycC5jb20gJChsc2JfcmVsZWFzZSAtY3MpIG1haW4iCmFwdCB1cGRhdGUgJiYgYXB0IGluc3RhbGwgLXkgY29uc3VsCgojIyMgQ29uZmlndXJlIHN5c3RlbWQtcmVzb2x2ZWQgdG8gdXNlIENvbnN1bCAjIyMKaXB0YWJsZXMgLXQgbmF0IC1BIE9VVFBVVCAtZCBsb2NhbGhvc3QgLXAgdWRwIC1tIHVkcCAtLWRwb3J0IDUzIC1qIFJFRElSRUNUIC0tdG8tcG9ydHMgODYwMAppcHRhYmxlcyAtdCBuYXQgLUEgT1VUUFVUIC1kIGxvY2FsaG9zdCAtcCB0Y3AgLW0gdGNwIC0tZHBvcnQgNTMgLWogUkVESVJFQ1QgLS10by1wb3J0cyA4NjAwCgplY2hvICdETlM9MTI3LjAuMC4xJyA+PiAvZXRjL3N5c3RlbWQvcmVzb2x2ZWQuY29uZgplY2hvICdEb21haW5zPX5jb25zdWwnID4+IC9ldGMvc3lzdGVtZC9yZXNvbHZlZC5jb25mCnN5c3RlbWN0bCByZXN0YXJ0IHN5c3RlbWQtcmVzb2x2ZWQuc2VydmljZQoKIyMjIEluc3RhbGwgUm9sZSBTcGVjaWZpYyBGZWF0dXJlcyAjIyMKZ2l0IGNsb25lIGh0dHBzOi8vZ2l0aHViLmNvbS9zZ2xvZGVrL2szcy1ib290c3RyYXAuZ2l0CmNkIGszcy1ib290c3RyYXAvdXNlcl9kYXRhCmFwdCBpbnN0YWxsIC15IGF3c2NsaQpJTlNUQU5DRV9JRD0kKGVjMm1ldGFkYXRhIC0taW5zdGFuY2UtaWQpClJFR0lPTj0kKGN1cmwgLXMgaHR0cDovLzE2OS4yNTQuMTY5LjI1NC9sYXRlc3QvZHluYW1pYy9pbnN0YW5jZS1pZGVudGl0eS9kb2N1bWVudCB8IGdyZXAgcmVnaW9uIHwgYXdrIC1GXCIgJ3twcmludCAkNH0nKQpST0xFPSQoYXdzIGVjMiBkZXNjcmliZS10YWdzIC0tZmlsdGVycyAiTmFtZT1yZXNvdXJjZS1pZCxWYWx1ZXM9JElOU1RBTkNFX0lEIiAiTmFtZT1rZXksVmFsdWVzPXJvbGUiIC0tcmVnaW9uPSRSRUdJT04gLS1vdXRwdXQ9dGV4dCB8IGN1dCAtZjUpCgpzb3VyY2Ugcm9sZXMvJFJPTEUuc2g=",
            "vpc_security_group_ids": [
              "sg-0962421bccc8f2ff1",
              "sg-0ec8edb429ae02b74"
            ]
          },
          "sensitive_attributes": [],
          "private": "bnVsbA==",
          "dependencies": [
            "aws_iam_instance_profile.consul",
            "aws_key_pair.sglodek",
            "aws_security_group.common",
            "aws_security_group.consul"
          ]
        }
      ]
    },
    {
      "mode": "managed",
      "type": "aws_launch_template",
      "name": "k3s-server",
      "provider": "provider[\"registry.terraform.io/hashicorp/aws\"]",
      "instances": [
        {
          "schema_version": 0,
          "attributes": {
            "arn": "arn:aws:ec2:us-west-2:943869766938:launch-template/lt-0f988e49822888056",
            "block_device_mappings": [],
            "capacity_reservation_specification": [],
            "cpu_options": [],
            "credit_specification": [],
            "default_version": 1,
            "description": "",
            "disable_api_termination": false,
            "ebs_optimized": "",
            "elastic_gpu_specifications": [],
            "elastic_inference_accelerator": [],
            "enclave_options": [],
            "hibernation_options": [],
            "iam_instance_profile": [
              {
                "arn": "arn:aws:iam::943869766938:instance-profile/consul",
                "name": ""
              }
            ],
            "id": "lt-0f988e49822888056",
            "image_id": "ami-03d5c68bab01f3496",
            "instance_initiated_shutdown_behavior": "",
            "instance_market_options": [],
            "instance_type": "t3.small",
            "kernel_id": "",
            "key_name": "sglodek",
            "latest_version": 6,
            "license_specification": [],
            "metadata_options": [],
            "monitoring": [],
            "name": "sglodek-k3s-server",
            "name_prefix": "",
            "network_interfaces": [],
            "placement": [],
            "ram_disk_id": "",
            "security_group_names": [],
            "tag_specifications": [
              {
                "resource_type": "instance",
                "tags": {
                  "Name": "k3s Server - sglodek",
                  "role": "k3s_server"
                }
              }
            ],
            "tags": {},
            "tags_all": {
              "Name": "k3s-sglodek",
              "owner": "sglodek"
            },
            "update_default_version": null,
            "user_data": "IyEvYmluL2Jhc2gKCiMjIyBJbnN0YWxsIENvbnN1bCAjIyMKY3VybCAtZnNTTCBodHRwczovL2FwdC5yZWxlYXNlcy5oYXNoaWNvcnAuY29tL2dwZyB8IGFwdC1rZXkgYWRkIC0KYXB0LWFkZC1yZXBvc2l0b3J5ICJkZWIgW2FyY2g9YW1kNjRdIGh0dHBzOi8vYXB0LnJlbGVhc2VzLmhhc2hpY29ycC5jb20gJChsc2JfcmVsZWFzZSAtY3MpIG1haW4iCmFwdCB1cGRhdGUgJiYgYXB0IGluc3RhbGwgLXkgY29uc3VsCgojIyMgQ29uZmlndXJlIHN5c3RlbWQtcmVzb2x2ZWQgdG8gdXNlIENvbnN1bCAjIyMKaXB0YWJsZXMgLXQgbmF0IC1BIE9VVFBVVCAtZCBsb2NhbGhvc3QgLXAgdWRwIC1tIHVkcCAtLWRwb3J0IDUzIC1qIFJFRElSRUNUIC0tdG8tcG9ydHMgODYwMAppcHRhYmxlcyAtdCBuYXQgLUEgT1VUUFVUIC1kIGxvY2FsaG9zdCAtcCB0Y3AgLW0gdGNwIC0tZHBvcnQgNTMgLWogUkVESVJFQ1QgLS10by1wb3J0cyA4NjAwCgplY2hvICdETlM9MTI3LjAuMC4xJyA+PiAvZXRjL3N5c3RlbWQvcmVzb2x2ZWQuY29uZgplY2hvICdEb21haW5zPX5jb25zdWwnID4+IC9ldGMvc3lzdGVtZC9yZXNvbHZlZC5jb25mCnN5c3RlbWN0bCByZXN0YXJ0IHN5c3RlbWQtcmVzb2x2ZWQuc2VydmljZQoKIyMjIEluc3RhbGwgUm9sZSBTcGVjaWZpYyBGZWF0dXJlcyAjIyMKZ2l0IGNsb25lIGh0dHBzOi8vZ2l0aHViLmNvbS9zZ2xvZGVrL2szcy1ib290c3RyYXAuZ2l0CmNkIGszcy1ib290c3RyYXAvdXNlcl9kYXRhCmFwdCBpbnN0YWxsIC15IGF3c2NsaQpJTlNUQU5DRV9JRD0kKGVjMm1ldGFkYXRhIC0taW5zdGFuY2UtaWQpClJFR0lPTj0kKGN1cmwgLXMgaHR0cDovLzE2OS4yNTQuMTY5LjI1NC9sYXRlc3QvZHluYW1pYy9pbnN0YW5jZS1pZGVudGl0eS9kb2N1bWVudCB8IGdyZXAgcmVnaW9uIHwgYXdrIC1GXCIgJ3twcmludCAkNH0nKQpST0xFPSQoYXdzIGVjMiBkZXNjcmliZS10YWdzIC0tZmlsdGVycyAiTmFtZT1yZXNvdXJjZS1pZCxWYWx1ZXM9JElOU1RBTkNFX0lEIiAiTmFtZT1rZXksVmFsdWVzPXJvbGUiIC0tcmVnaW9uPSRSRUdJT04gLS1vdXRwdXQ9dGV4dCB8IGN1dCAtZjUpCgpzb3VyY2Ugcm9sZXMvJFJPTEUuc2g=",
            "vpc_security_group_ids": [
              "sg-081160b329502cacd",
              "sg-0ec8edb429ae02b74"
            ]
          },
          "sensitive_attributes": [],
          "private": "bnVsbA==",
          "dependencies": [
            "aws_iam_instance_profile.consul",
            "aws_key_pair.sglodek",
            "aws_security_group.common",
            "aws_security_group.k3s"
          ]
        }
      ]
    },
    {
      "mode": "managed",
      "type": "aws_launch_template",
      "name": "k3s-worker",
      "provider": "provider[\"registry.terraform.io/hashicorp/aws\"]",
      "instances": [
        {
          "schema_version": 0,
          "attributes": {
            "arn": "arn:aws:ec2:us-west-2:943869766938:launch-template/lt-0d0305b1ea5c61164",
            "block_device_mappings": [],
            "capacity_reservation_specification": [],
            "cpu_options": [],
            "credit_specification": [],
            "default_version": 1,
            "description": "",
            "disable_api_termination": false,
            "ebs_optimized": "",
            "elastic_gpu_specifications": [],
            "elastic_inference_accelerator": [],
            "enclave_options": [],
            "hibernation_options": [],
            "iam_instance_profile": [],
            "id": "lt-0d0305b1ea5c61164",
            "image_id": "ami-03d5c68bab01f3496",
            "instance_initiated_shutdown_behavior": "",
            "instance_market_options": [],
            "instance_type": "t3.small",
            "kernel_id": "",
            "key_name": "sglodek",
            "latest_version": 5,
            "license_specification": [],
            "metadata_options": [],
            "monitoring": [],
            "name": "sglodek-k3s-worker",
            "name_prefix": "",
            "network_interfaces": [],
            "placement": [],
            "ram_disk_id": "",
            "security_group_names": [],
            "tag_specifications": [
              {
                "resource_type": "instance",
                "tags": {
                  "Name": "k3s Worker - sglodek",
                  "role": "k3s_worker"
                }
              }
            ],
            "tags": {},
            "tags_all": {
              "Name": "k3s-sglodek",
              "owner": "sglodek"
            },
            "update_default_version": null,
            "user_data": "IyEvYmluL2Jhc2gKCiMjIyBJbnN0YWxsIENvbnN1bCAjIyMKY3VybCAtZnNTTCBodHRwczovL2FwdC5yZWxlYXNlcy5oYXNoaWNvcnAuY29tL2dwZyB8IGFwdC1rZXkgYWRkIC0KYXB0LWFkZC1yZXBvc2l0b3J5ICJkZWIgW2FyY2g9YW1kNjRdIGh0dHBzOi8vYXB0LnJlbGVhc2VzLmhhc2hpY29ycC5jb20gJChsc2JfcmVsZWFzZSAtY3MpIG1haW4iCmFwdCB1cGRhdGUgJiYgYXB0IGluc3RhbGwgLXkgY29uc3VsCgojIyMgQ29uZmlndXJlIHN5c3RlbWQtcmVzb2x2ZWQgdG8gdXNlIENvbnN1bCAjIyMKaXB0YWJsZXMgLXQgbmF0IC1BIE9VVFBVVCAtZCBsb2NhbGhvc3QgLXAgdWRwIC1tIHVkcCAtLWRwb3J0IDUzIC1qIFJFRElSRUNUIC0tdG8tcG9ydHMgODYwMAppcHRhYmxlcyAtdCBuYXQgLUEgT1VUUFVUIC1kIGxvY2FsaG9zdCAtcCB0Y3AgLW0gdGNwIC0tZHBvcnQgNTMgLWogUkVESVJFQ1QgLS10by1wb3J0cyA4NjAwCgplY2hvICdETlM9MTI3LjAuMC4xJyA+PiAvZXRjL3N5c3RlbWQvcmVzb2x2ZWQuY29uZgplY2hvICdEb21haW5zPX5jb25zdWwnID4+IC9ldGMvc3lzdGVtZC9yZXNvbHZlZC5jb25mCnN5c3RlbWN0bCByZXN0YXJ0IHN5c3RlbWQtcmVzb2x2ZWQuc2VydmljZQoKIyMjIEluc3RhbGwgUm9sZSBTcGVjaWZpYyBGZWF0dXJlcyAjIyMKZ2l0IGNsb25lIGh0dHBzOi8vZ2l0aHViLmNvbS9zZ2xvZGVrL2szcy1ib290c3RyYXAuZ2l0CmNkIGszcy1ib290c3RyYXAvdXNlcl9kYXRhCmFwdCBpbnN0YWxsIC15IGF3c2NsaQpJTlNUQU5DRV9JRD0kKGVjMm1ldGFkYXRhIC0taW5zdGFuY2UtaWQpClJFR0lPTj0kKGN1cmwgLXMgaHR0cDovLzE2OS4yNTQuMTY5LjI1NC9sYXRlc3QvZHluYW1pYy9pbnN0YW5jZS1pZGVudGl0eS9kb2N1bWVudCB8IGdyZXAgcmVnaW9uIHwgYXdrIC1GXCIgJ3twcmludCAkNH0nKQpST0xFPSQoYXdzIGVjMiBkZXNjcmliZS10YWdzIC0tZmlsdGVycyAiTmFtZT1yZXNvdXJjZS1pZCxWYWx1ZXM9JElOU1RBTkNFX0lEIiAiTmFtZT1rZXksVmFsdWVzPXJvbGUiIC0tcmVnaW9uPSRSRUdJT04gLS1vdXRwdXQ9dGV4dCB8IGN1dCAtZjUpCgpzb3VyY2Ugcm9sZXMvJFJPTEUuc2g=",
            "vpc_security_group_ids": [
              "sg-081160b329502cacd",
              "sg-0ec8edb429ae02b74"
            ]
          },
          "sensitive_attributes": [],
          "private": "bnVsbA==",
          "dependencies": [
            "aws_key_pair.sglodek",
            "aws_security_group.common",
            "aws_security_group.k3s"
          ]
        }
      ]
    },
    {
      "mode": "managed",
      "type": "aws_security_group",
      "name": "common",
      "provider": "provider[\"registry.terraform.io/hashicorp/aws\"]",
      "instances": [
        {
          "schema_version": 1,
          "attributes": {
            "arn": "arn:aws:ec2:us-west-2:943869766938:security-group/sg-0ec8edb429ae02b74",
            "description": "Managed by Terraform",
            "egress": [
              {
                "cidr_blocks": [
                  "0.0.0.0/0"
                ],
                "description": "",
                "from_port": 0,
                "ipv6_cidr_blocks": [],
                "prefix_list_ids": [],
                "protocol": "-1",
                "security_groups": [],
                "self": false,
                "to_port": 0
              }
            ],
            "id": "sg-0ec8edb429ae02b74",
            "ingress": [
              {
                "cidr_blocks": [
                  "52.13.59.179/32"
                ],
                "description": "Wireguard VPN SSH Access",
                "from_port": 22,
                "ipv6_cidr_blocks": [],
                "prefix_list_ids": [],
                "protocol": "tcp",
                "security_groups": [],
                "self": false,
                "to_port": 22
              },
              {
                "cidr_blocks": [],
                "description": "Consul LAN Serf",
                "from_port": 8301,
                "ipv6_cidr_blocks": [],
                "prefix_list_ids": [],
                "protocol": "tcp",
                "security_groups": [],
                "self": true,
                "to_port": 8301
              },
              {
                "cidr_blocks": [],
                "description": "Consul LAN Serf",
                "from_port": 8301,
                "ipv6_cidr_blocks": [],
                "prefix_list_ids": [],
                "protocol": "udp",
                "security_groups": [],
                "self": true,
                "to_port": 8301
              },
              {
                "cidr_blocks": [],
                "description": "Server RPC",
                "from_port": 8300,
                "ipv6_cidr_blocks": [],
                "prefix_list_ids": [],
                "protocol": "tcp",
                "security_groups": [],
                "self": true,
                "to_port": 8300
              }
            ],
            "name": "common-sglodek",
            "name_prefix": "",
            "owner_id": "943869766938",
            "revoke_rules_on_delete": false,
            "tags": {},
            "tags_all": {
              "Name": "k3s-sglodek",
              "owner": "sglodek"
            },
            "timeouts": null,
            "vpc_id": "vpc-01112210914db7622"
          },
          "sensitive_attributes": [],
          "private": "eyJlMmJmYjczMC1lY2FhLTExZTYtOGY4OC0zNDM2M2JjN2M0YzAiOnsiY3JlYXRlIjo2MDAwMDAwMDAwMDAsImRlbGV0ZSI6OTAwMDAwMDAwMDAwfSwic2NoZW1hX3ZlcnNpb24iOiIxIn0=",
          "dependencies": [
            "aws_vpc.k3s"
          ]
        }
      ]
    },
    {
      "mode": "managed",
      "type": "aws_security_group",
      "name": "consul",
      "provider": "provider[\"registry.terraform.io/hashicorp/aws\"]",
      "instances": [
        {
          "schema_version": 1,
          "attributes": {
            "arn": "arn:aws:ec2:us-west-2:943869766938:security-group/sg-0962421bccc8f2ff1",
            "description": "Managed by Terraform",
            "egress": [],
            "id": "sg-0962421bccc8f2ff1",
            "ingress": [
              {
                "cidr_blocks": [],
                "description": "WAN Serf",
                "from_port": 8302,
                "ipv6_cidr_blocks": [],
                "prefix_list_ids": [],
                "protocol": "tcp",
                "security_groups": [],
                "self": true,
                "to_port": 8302
              },
              {
                "cidr_blocks": [],
                "description": "WAN Serf",
                "from_port": 8302,
                "ipv6_cidr_blocks": [],
                "prefix_list_ids": [],
                "protocol": "udp",
                "security_groups": [],
                "self": true,
                "to_port": 8302
              }
            ],
            "name": "consul-sglodek",
            "name_prefix": "",
            "owner_id": "943869766938",
            "revoke_rules_on_delete": false,
            "tags": {},
            "tags_all": {
              "Name": "k3s-sglodek",
              "owner": "sglodek"
            },
            "timeouts": null,
            "vpc_id": "vpc-01112210914db7622"
          },
          "sensitive_attributes": [],
          "private": "eyJlMmJmYjczMC1lY2FhLTExZTYtOGY4OC0zNDM2M2JjN2M0YzAiOnsiY3JlYXRlIjo2MDAwMDAwMDAwMDAsImRlbGV0ZSI6OTAwMDAwMDAwMDAwfSwic2NoZW1hX3ZlcnNpb24iOiIxIn0=",
          "dependencies": [
            "aws_vpc.k3s"
          ]
        }
      ]
    },
    {
      "mode": "managed",
      "type": "aws_security_group",
      "name": "k3s",
      "provider": "provider[\"registry.terraform.io/hashicorp/aws\"]",
      "instances": [
        {
          "schema_version": 1,
          "attributes": {
            "arn": "arn:aws:ec2:us-west-2:943869766938:security-group/sg-081160b329502cacd",
            "description": "Managed by Terraform",
            "egress": [],
            "id": "sg-081160b329502cacd",
            "ingress": [
              {
                "cidr_blocks": [],
                "description": "k3s communcation",
                "from_port": 6443,
                "ipv6_cidr_blocks": [],
                "prefix_list_ids": [],
                "protocol": "tcp",
                "security_groups": [],
                "self": true,
                "to_port": 6443
              },
              {
                "cidr_blocks": [],
                "description": "k3s communcation",
                "from_port": 8472,
                "ipv6_cidr_blocks": [],
                "prefix_list_ids": [],
                "protocol": "udp",
                "security_groups": [],
                "self": true,
                "to_port": 8472
              },
              {
                "cidr_blocks": [],
                "description": "k3s embedded etc",
                "from_port": 2379,
                "ipv6_cidr_blocks": [],
                "prefix_list_ids": [],
                "protocol": "tcp",
                "security_groups": [],
                "self": true,
                "to_port": 2380
              }
            ],
            "name": "k3s-sglodek",
            "name_prefix": "",
            "owner_id": "943869766938",
            "revoke_rules_on_delete": false,
            "tags": {},
            "tags_all": {
              "Name": "k3s-sglodek",
              "owner": "sglodek"
            },
            "timeouts": null,
            "vpc_id": "vpc-01112210914db7622"
          },
          "sensitive_attributes": [],
          "private": "eyJlMmJmYjczMC1lY2FhLTExZTYtOGY4OC0zNDM2M2JjN2M0YzAiOnsiY3JlYXRlIjo2MDAwMDAwMDAwMDAsImRlbGV0ZSI6OTAwMDAwMDAwMDAwfSwic2NoZW1hX3ZlcnNpb24iOiIxIn0=",
          "dependencies": [
            "aws_vpc.k3s"
          ]
        }
      ]
    },
    {
      "mode": "managed",
      "type": "aws_subnet",
      "name": "public",
      "provider": "provider[\"registry.terraform.io/hashicorp/aws\"]",
      "instances": [
        {
          "schema_version": 1,
          "attributes": {
            "arn": "arn:aws:ec2:us-west-2:943869766938:subnet/subnet-02128e5c1215c9fe5",
            "assign_ipv6_address_on_creation": false,
            "availability_zone": "us-west-2d",
            "availability_zone_id": "usw2-az4",
            "cidr_block": "10.0.1.0/24",
            "customer_owned_ipv4_pool": "",
            "id": "subnet-02128e5c1215c9fe5",
            "ipv6_cidr_block": "",
            "ipv6_cidr_block_association_id": "",
            "map_customer_owned_ip_on_launch": false,
            "map_public_ip_on_launch": true,
            "outpost_arn": "",
            "owner_id": "943869766938",
            "tags": {},
            "tags_all": {
              "Name": "k3s-sglodek",
              "owner": "sglodek"
            },
            "timeouts": null,
            "vpc_id": "vpc-01112210914db7622"
          },
          "sensitive_attributes": [],
          "private": "eyJlMmJmYjczMC1lY2FhLTExZTYtOGY4OC0zNDM2M2JjN2M0YzAiOnsiY3JlYXRlIjo2MDAwMDAwMDAwMDAsImRlbGV0ZSI6MTIwMDAwMDAwMDAwMH0sInNjaGVtYV92ZXJzaW9uIjoiMSJ9",
          "dependencies": [
            "aws_vpc.k3s"
          ]
        }
      ]
    },
    {
      "mode": "managed",
      "type": "aws_vpc",
      "name": "k3s",
      "provider": "provider[\"registry.terraform.io/hashicorp/aws\"]",
      "instances": [
        {
          "schema_version": 1,
          "attributes": {
            "arn": "arn:aws:ec2:us-west-2:943869766938:vpc/vpc-01112210914db7622",
            "assign_generated_ipv6_cidr_block": false,
            "cidr_block": "10.0.0.0/16",
            "default_network_acl_id": "acl-0fe9ad6dacb6de877",
            "default_route_table_id": "rtb-02688858522457f5c",
            "default_security_group_id": "sg-0355030620f6a5dd6",
            "dhcp_options_id": "dopt-dab84abf",
            "enable_classiclink": false,
            "enable_classiclink_dns_support": false,
            "enable_dns_hostnames": false,
            "enable_dns_support": true,
            "id": "vpc-01112210914db7622",
            "instance_tenancy": "default",
            "ipv6_association_id": "",
            "ipv6_cidr_block": "",
            "main_route_table_id": "rtb-02688858522457f5c",
            "owner_id": "943869766938",
            "tags": {},
            "tags_all": {
              "Name": "k3s-sglodek",
              "owner": "sglodek"
            }
          },
          "sensitive_attributes": [],
          "private": "eyJzY2hlbWFfdmVyc2lvbiI6IjEifQ=="
        }
      ]
    }
  ]
}
